{
  "name": "glue42-extension-template",
  "version": "1.0.0",
  "lockfileVersion": 1,
  "requires": true,
  "dependencies": {
    "@types/gapi": {
      "version": "0.0.39",
      "resolved": "https://registry.npmjs.org/@types/gapi/-/gapi-0.0.39.tgz",
      "integrity": "sha512-R1TZeZbvvbIC60DBJMhuOEivQHzOQtzl3uMDOOENTYQTSSDB6oEMpJo8HVPOTWivdUTbyEcB5qQOVr/JCKRlCQ==",
      "dev": true
    },
    "@types/gapi.auth2": {
      "version": "0.0.50",
      "resolved": "https://registry.npmjs.org/@types/gapi.auth2/-/gapi.auth2-0.0.50.tgz",
      "integrity": "sha512-yQe75u0GZZYGg1VLnnGAK4mpb1gJrTSNPCDncEBrVpMuWQY2etBgrdPFDeR5dDn9ntZCjmuD9bMptdxCke+1bQ==",
      "dev": true,
      "requires": {
        "@types/gapi": "*"
      }
    },
    "fs-assistant": {
      "version": "0.2.3",
      "resolved": "https://repo.tick42.com:443/api/npm/tick42-npm/fs-assistant/-/fs-assistant-0.2.3.tgz",
      "integrity": "sha1-XPKa8J6XaHIutCtLW7Wk8fYlA3w="
    }
  }
}
